
Microsoft Visual Studio Solution File, Format Version 12.00
# Visual Studio Version 17
VisualStudioVersion = 17.7.34202.233
MinimumVisualStudioVersion = 10.0.40219.1
Project("{9A19103F-16F7-4668-BE54-9A1E7A4F7556}") = "00.Algorithm", "00.Algorithm\00.Algorithm.csproj", "{D6C01270-97AF-45E1-A321-061EF32B6A4D}"
EndProject
Project("{9A19103F-16F7-4668-BE54-9A1E7A4F7556}") = "01.List", "01.List\01.List.csproj", "{1F74573F-CA2B-4ABC-A43D-3C71C89B465A}"
EndProject
Project("{9A19103F-16F7-4668-BE54-9A1E7A4F7556}") = "NOTE", "NOTE\NOTE.csproj", "{28F32DE3-EBDF-44DB-9D92-1F0CAD920B41}"
EndProject
Project("{9A19103F-16F7-4668-BE54-9A1E7A4F7556}") = "01.List_t", "01.List_t\01.List_t.csproj", "{B864A955-BB0E-4A05-962C-E0F712C5BC9B}"
EndProject
Project("{9A19103F-16F7-4668-BE54-9A1E7A4F7556}") = "02.LinkedList", "02.LinkedList\02.LinkedList.csproj", "{854E18D2-D004-4538-B076-87B8731D9C72}"
EndProject
Project("{9A19103F-16F7-4668-BE54-9A1E7A4F7556}") = "02.LinkedList_t", "02.LinkedList_t\02.LinkedList_t.csproj", "{6E5270A1-0587-421F-A4A8-0348286B5838}"
EndProject
Project("{9A19103F-16F7-4668-BE54-9A1E7A4F7556}") = "02.LinkedList_Deck", "02.LinkedList_Deck\02.LinkedList_Deck.csproj", "{8FA3842A-7209-4C47-A464-6E08E820F94E}"
EndProject
Project("{9A19103F-16F7-4668-BE54-9A1E7A4F7556}") = "03.Iterator", "03.Iteration\03.Iterator.csproj", "{7EF0F2B4-006A-43D6-9684-A6727A7008DC}"
EndProject
Project("{9A19103F-16F7-4668-BE54-9A1E7A4F7556}") = "04.Stack", "04.Stack\04.Stack.csproj", "{B1DEC2A8-8DB5-4EC6-929D-B3CF17F79498}"
EndProject
Project("{9A19103F-16F7-4668-BE54-9A1E7A4F7556}") = "05.Queue", "05.Queue\05.Queue.csproj", "{553D92DC-45B2-4FD8-804A-A44B66466A44}"
EndProject
Project("{9A19103F-16F7-4668-BE54-9A1E7A4F7556}") = "05.Queue_t", "05.Queue_t\05.Queue_t.csproj", "{CC5A8A2B-DCB6-4381-94CE-7747F521A1CA}"
EndProject
Project("{9A19103F-16F7-4668-BE54-9A1E7A4F7556}") = "05.Queue_t2", "05.Queue_t2\05.Queue_t2.csproj", "{DF02EB0E-2C04-4765-AB9E-B12CF8EBD5D1}"
EndProject
Project("{9A19103F-16F7-4668-BE54-9A1E7A4F7556}") = "05.Queue_t3", "05.Queue_t3\05.Queue_t3.csproj", "{A23B71C3-52B9-4C93-BFF9-A857C10C6D5E}"
EndProject
Project("{9A19103F-16F7-4668-BE54-9A1E7A4F7556}") = "05.Queue_t4", "05.Queue_t4\05.Queue_t4.csproj", "{7A918E2D-5013-4007-9F76-049BD25C44F3}"
EndProject
Project("{9A19103F-16F7-4668-BE54-9A1E7A4F7556}") = "05.Queue_t5", "05.Queue_t5\05.Queue_t5.csproj", "{27B4B009-8EE8-467B-9F34-3EB73C17C118}"
EndProject
Project("{9A19103F-16F7-4668-BE54-9A1E7A4F7556}") = "06.PriorityQueue", "06.PriorityQueue\06.PriorityQueue.csproj", "{16647ED4-3CFA-49F8-982F-29AB87369B01}"
EndProject
Project("{FAE04EC0-301F-11D3-BF4B-00C04F79EFBC}") = "06.PriorityQueue_t", "06.PriorityQueue_t\06.PriorityQueue_t.csproj", "{4A879AC8-7E33-40B6-9999-03536DA4203A}"
EndProject
Global
	GlobalSection(SolutionConfigurationPlatforms) = preSolution
		Debug|Any CPU = Debug|Any CPU
		Release|Any CPU = Release|Any CPU
	EndGlobalSection
	GlobalSection(ProjectConfigurationPlatforms) = postSolution
		{D6C01270-97AF-45E1-A321-061EF32B6A4D}.Debug|Any CPU.ActiveCfg = Debug|Any CPU
		{D6C01270-97AF-45E1-A321-061EF32B6A4D}.Debug|Any CPU.Build.0 = Debug|Any CPU
		{D6C01270-97AF-45E1-A321-061EF32B6A4D}.Release|Any CPU.ActiveCfg = Release|Any CPU
		{D6C01270-97AF-45E1-A321-061EF32B6A4D}.Release|Any CPU.Build.0 = Release|Any CPU
		{1F74573F-CA2B-4ABC-A43D-3C71C89B465A}.Debug|Any CPU.ActiveCfg = Debug|Any CPU
		{1F74573F-CA2B-4ABC-A43D-3C71C89B465A}.Debug|Any CPU.Build.0 = Debug|Any CPU
		{1F74573F-CA2B-4ABC-A43D-3C71C89B465A}.Release|Any CPU.ActiveCfg = Release|Any CPU
		{1F74573F-CA2B-4ABC-A43D-3C71C89B465A}.Release|Any CPU.Build.0 = Release|Any CPU
		{28F32DE3-EBDF-44DB-9D92-1F0CAD920B41}.Debug|Any CPU.ActiveCfg = Debug|Any CPU
		{28F32DE3-EBDF-44DB-9D92-1F0CAD920B41}.Debug|Any CPU.Build.0 = Debug|Any CPU
		{28F32DE3-EBDF-44DB-9D92-1F0CAD920B41}.Release|Any CPU.ActiveCfg = Release|Any CPU
		{28F32DE3-EBDF-44DB-9D92-1F0CAD920B41}.Release|Any CPU.Build.0 = Release|Any CPU
		{B864A955-BB0E-4A05-962C-E0F712C5BC9B}.Debug|Any CPU.ActiveCfg = Debug|Any CPU
		{B864A955-BB0E-4A05-962C-E0F712C5BC9B}.Debug|Any CPU.Build.0 = Debug|Any CPU
		{B864A955-BB0E-4A05-962C-E0F712C5BC9B}.Release|Any CPU.ActiveCfg = Release|Any CPU
		{B864A955-BB0E-4A05-962C-E0F712C5BC9B}.Release|Any CPU.Build.0 = Release|Any CPU
		{854E18D2-D004-4538-B076-87B8731D9C72}.Debug|Any CPU.ActiveCfg = Debug|Any CPU
		{854E18D2-D004-4538-B076-87B8731D9C72}.Debug|Any CPU.Build.0 = Debug|Any CPU
		{854E18D2-D004-4538-B076-87B8731D9C72}.Release|Any CPU.ActiveCfg = Release|Any CPU
		{854E18D2-D004-4538-B076-87B8731D9C72}.Release|Any CPU.Build.0 = Release|Any CPU
		{6E5270A1-0587-421F-A4A8-0348286B5838}.Debug|Any CPU.ActiveCfg = Debug|Any CPU
		{6E5270A1-0587-421F-A4A8-0348286B5838}.Debug|Any CPU.Build.0 = Debug|Any CPU
		{6E5270A1-0587-421F-A4A8-0348286B5838}.Release|Any CPU.ActiveCfg = Release|Any CPU
		{6E5270A1-0587-421F-A4A8-0348286B5838}.Release|Any CPU.Build.0 = Release|Any CPU
		{8FA3842A-7209-4C47-A464-6E08E820F94E}.Debug|Any CPU.ActiveCfg = Debug|Any CPU
		{8FA3842A-7209-4C47-A464-6E08E820F94E}.Debug|Any CPU.Build.0 = Debug|Any CPU
		{8FA3842A-7209-4C47-A464-6E08E820F94E}.Release|Any CPU.ActiveCfg = Release|Any CPU
		{8FA3842A-7209-4C47-A464-6E08E820F94E}.Release|Any CPU.Build.0 = Release|Any CPU
		{7EF0F2B4-006A-43D6-9684-A6727A7008DC}.Debug|Any CPU.ActiveCfg = Debug|Any CPU
		{7EF0F2B4-006A-43D6-9684-A6727A7008DC}.Debug|Any CPU.Build.0 = Debug|Any CPU
		{7EF0F2B4-006A-43D6-9684-A6727A7008DC}.Release|Any CPU.ActiveCfg = Release|Any CPU
		{7EF0F2B4-006A-43D6-9684-A6727A7008DC}.Release|Any CPU.Build.0 = Release|Any CPU
		{B1DEC2A8-8DB5-4EC6-929D-B3CF17F79498}.Debug|Any CPU.ActiveCfg = Debug|Any CPU
		{B1DEC2A8-8DB5-4EC6-929D-B3CF17F79498}.Debug|Any CPU.Build.0 = Debug|Any CPU
		{B1DEC2A8-8DB5-4EC6-929D-B3CF17F79498}.Release|Any CPU.ActiveCfg = Release|Any CPU
		{B1DEC2A8-8DB5-4EC6-929D-B3CF17F79498}.Release|Any CPU.Build.0 = Release|Any CPU
		{553D92DC-45B2-4FD8-804A-A44B66466A44}.Debug|Any CPU.ActiveCfg = Debug|Any CPU
		{553D92DC-45B2-4FD8-804A-A44B66466A44}.Debug|Any CPU.Build.0 = Debug|Any CPU
		{553D92DC-45B2-4FD8-804A-A44B66466A44}.Release|Any CPU.ActiveCfg = Release|Any CPU
		{553D92DC-45B2-4FD8-804A-A44B66466A44}.Release|Any CPU.Build.0 = Release|Any CPU
		{CC5A8A2B-DCB6-4381-94CE-7747F521A1CA}.Debug|Any CPU.ActiveCfg = Debug|Any CPU
		{CC5A8A2B-DCB6-4381-94CE-7747F521A1CA}.Debug|Any CPU.Build.0 = Debug|Any CPU
		{CC5A8A2B-DCB6-4381-94CE-7747F521A1CA}.Release|Any CPU.ActiveCfg = Release|Any CPU
		{CC5A8A2B-DCB6-4381-94CE-7747F521A1CA}.Release|Any CPU.Build.0 = Release|Any CPU
		{DF02EB0E-2C04-4765-AB9E-B12CF8EBD5D1}.Debug|Any CPU.ActiveCfg = Debug|Any CPU
		{DF02EB0E-2C04-4765-AB9E-B12CF8EBD5D1}.Debug|Any CPU.Build.0 = Debug|Any CPU
		{DF02EB0E-2C04-4765-AB9E-B12CF8EBD5D1}.Release|Any CPU.ActiveCfg = Release|Any CPU
		{DF02EB0E-2C04-4765-AB9E-B12CF8EBD5D1}.Release|Any CPU.Build.0 = Release|Any CPU
		{A23B71C3-52B9-4C93-BFF9-A857C10C6D5E}.Debug|Any CPU.ActiveCfg = Debug|Any CPU
		{A23B71C3-52B9-4C93-BFF9-A857C10C6D5E}.Debug|Any CPU.Build.0 = Debug|Any CPU
		{A23B71C3-52B9-4C93-BFF9-A857C10C6D5E}.Release|Any CPU.ActiveCfg = Release|Any CPU
		{A23B71C3-52B9-4C93-BFF9-A857C10C6D5E}.Release|Any CPU.Build.0 = Release|Any CPU
		{7A918E2D-5013-4007-9F76-049BD25C44F3}.Debug|Any CPU.ActiveCfg = Debug|Any CPU
		{7A918E2D-5013-4007-9F76-049BD25C44F3}.Debug|Any CPU.Build.0 = Debug|Any CPU
		{7A918E2D-5013-4007-9F76-049BD25C44F3}.Release|Any CPU.ActiveCfg = Release|Any CPU
		{7A918E2D-5013-4007-9F76-049BD25C44F3}.Release|Any CPU.Build.0 = Release|Any CPU
		{27B4B009-8EE8-467B-9F34-3EB73C17C118}.Debug|Any CPU.ActiveCfg = Debug|Any CPU
		{27B4B009-8EE8-467B-9F34-3EB73C17C118}.Debug|Any CPU.Build.0 = Debug|Any CPU
		{27B4B009-8EE8-467B-9F34-3EB73C17C118}.Release|Any CPU.ActiveCfg = Release|Any CPU
		{27B4B009-8EE8-467B-9F34-3EB73C17C118}.Release|Any CPU.Build.0 = Release|Any CPU
		{16647ED4-3CFA-49F8-982F-29AB87369B01}.Debug|Any CPU.ActiveCfg = Debug|Any CPU
		{16647ED4-3CFA-49F8-982F-29AB87369B01}.Debug|Any CPU.Build.0 = Debug|Any CPU
		{16647ED4-3CFA-49F8-982F-29AB87369B01}.Release|Any CPU.ActiveCfg = Release|Any CPU
		{16647ED4-3CFA-49F8-982F-29AB87369B01}.Release|Any CPU.Build.0 = Release|Any CPU
		{4A879AC8-7E33-40B6-9999-03536DA4203A}.Debug|Any CPU.ActiveCfg = Debug|Any CPU
		{4A879AC8-7E33-40B6-9999-03536DA4203A}.Debug|Any CPU.Build.0 = Debug|Any CPU
		{4A879AC8-7E33-40B6-9999-03536DA4203A}.Release|Any CPU.ActiveCfg = Release|Any CPU
		{4A879AC8-7E33-40B6-9999-03536DA4203A}.Release|Any CPU.Build.0 = Release|Any CPU
	EndGlobalSection
	GlobalSection(SolutionProperties) = preSolution
		HideSolutionNode = FALSE
	EndGlobalSection
	GlobalSection(ExtensibilityGlobals) = postSolution
		SolutionGuid = {546DB35B-0467-4650-96E5-2BFC2C2F21E1}
	EndGlobalSection
EndGlobal
